
Microsoft Visual Studio Solution File, Format Version 12.00
# Visual Studio Version 16
VisualStudioVersion = 16.0.30114.105
MinimumVisualStudioVersion = 10.0.40219.1
Project("{2150E333-8FDC-42A3-9474-1A3956D46DE8}") = "src", "src", "{C887900C-DCAC-4321-9FD8-323E2A208A6E}"
EndProject
Project("{FAE04EC0-301F-11D3-BF4B-00C04F79EFBC}") = "Mvc", "src\Mvc\Mvc.csproj", "{9577F83C-8895-47C4-96B3-599252B7B226}"
EndProject
Project("{2150E333-8FDC-42A3-9474-1A3956D46DE8}") = "test", "test", "{0427D84C-FD1A-4D7C-8950-EE52160176A3}"
EndProject
Project("{FAE04EC0-301F-11D3-BF4B-00C04F79EFBC}") = "Blog.Tests", "test\Blog.Tests\Blog.Tests.csproj", "{4139E81E-6E58-4B86-8566-4A4D23951AB3}"
EndProject
Project("{FAE04EC0-301F-11D3-BF4B-00C04F79EFBC}") = "Application", "src\Application\Application.csproj", "{81A4A776-3ECD-459E-B61F-0B275476AE5E}"
EndProject
Project("{FAE04EC0-301F-11D3-BF4B-00C04F79EFBC}") = "Domain", "src\Domain\Domain.csproj", "{D464F9D6-9B9E-4D4A-B7A4-946B9BDB712D}"
EndProject
Project("{FAE04EC0-301F-11D3-BF4B-00C04F79EFBC}") = "Infrastructure", "src\Infrastructure\Infrastructure.csproj", "{813F0633-32A2-4461-942A-56A5B81F3EF6}"
EndProject
Global
	GlobalSection(SolutionConfigurationPlatforms) = preSolution
		Debug|Any CPU = Debug|Any CPU
		Release|Any CPU = Release|Any CPU
	EndGlobalSection
	GlobalSection(SolutionProperties) = preSolution
		HideSolutionNode = FALSE
	EndGlobalSection
	GlobalSection(ProjectConfigurationPlatforms) = postSolution
		{9577F83C-8895-47C4-96B3-599252B7B226}.Debug|Any CPU.ActiveCfg = Debug|Any CPU
		{9577F83C-8895-47C4-96B3-599252B7B226}.Debug|Any CPU.Build.0 = Debug|Any CPU
		{9577F83C-8895-47C4-96B3-599252B7B226}.Release|Any CPU.ActiveCfg = Release|Any CPU
		{9577F83C-8895-47C4-96B3-599252B7B226}.Release|Any CPU.Build.0 = Release|Any CPU
		{4139E81E-6E58-4B86-8566-4A4D23951AB3}.Debug|Any CPU.ActiveCfg = Debug|Any CPU
		{4139E81E-6E58-4B86-8566-4A4D23951AB3}.Debug|Any CPU.Build.0 = Debug|Any CPU
		{4139E81E-6E58-4B86-8566-4A4D23951AB3}.Release|Any CPU.ActiveCfg = Release|Any CPU
		{4139E81E-6E58-4B86-8566-4A4D23951AB3}.Release|Any CPU.Build.0 = Release|Any CPU
		{81A4A776-3ECD-459E-B61F-0B275476AE5E}.Debug|Any CPU.ActiveCfg = Debug|Any CPU
		{81A4A776-3ECD-459E-B61F-0B275476AE5E}.Debug|Any CPU.Build.0 = Debug|Any CPU
		{81A4A776-3ECD-459E-B61F-0B275476AE5E}.Release|Any CPU.ActiveCfg = Release|Any CPU
		{81A4A776-3ECD-459E-B61F-0B275476AE5E}.Release|Any CPU.Build.0 = Release|Any CPU
		{D464F9D6-9B9E-4D4A-B7A4-946B9BDB712D}.Debug|Any CPU.ActiveCfg = Debug|Any CPU
		{D464F9D6-9B9E-4D4A-B7A4-946B9BDB712D}.Debug|Any CPU.Build.0 = Debug|Any CPU
		{D464F9D6-9B9E-4D4A-B7A4-946B9BDB712D}.Release|Any CPU.ActiveCfg = Release|Any CPU
		{D464F9D6-9B9E-4D4A-B7A4-946B9BDB712D}.Release|Any CPU.Build.0 = Release|Any CPU
		{813F0633-32A2-4461-942A-56A5B81F3EF6}.Debug|Any CPU.ActiveCfg = Debug|Any CPU
		{813F0633-32A2-4461-942A-56A5B81F3EF6}.Debug|Any CPU.Build.0 = Debug|Any CPU
		{813F0633-32A2-4461-942A-56A5B81F3EF6}.Release|Any CPU.ActiveCfg = Release|Any CPU
		{813F0633-32A2-4461-942A-56A5B81F3EF6}.Release|Any CPU.Build.0 = Release|Any CPU
	EndGlobalSection
	GlobalSection(NestedProjects) = preSolution
		{9577F83C-8895-47C4-96B3-599252B7B226} = {C887900C-DCAC-4321-9FD8-323E2A208A6E}
		{4139E81E-6E58-4B86-8566-4A4D23951AB3} = {0427D84C-FD1A-4D7C-8950-EE52160176A3}
		{81A4A776-3ECD-459E-B61F-0B275476AE5E} = {C887900C-DCAC-4321-9FD8-323E2A208A6E}
		{D464F9D6-9B9E-4D4A-B7A4-946B9BDB712D} = {C887900C-DCAC-4321-9FD8-323E2A208A6E}
		{813F0633-32A2-4461-942A-56A5B81F3EF6} = {C887900C-DCAC-4321-9FD8-323E2A208A6E}
	EndGlobalSection
EndGlobal
